
Microsoft Visual Studio Solution File, Format Version 12.00
# Visual Studio Version 17
VisualStudioVersion = 17.7.34221.43
MinimumVisualStudioVersion = 10.0.40219.1
Project("{FAE04EC0-301F-11D3-BF4B-00C04F79EFBC}") = "AppDataWorker", "AppDataWorker.csproj", "{133F364C-E27C-458E-9456-31F65ED75CED}"
EndProject
Global
	GlobalSection(SolutionConfigurationPlatforms) = preSolution
		Debug|Any CPU = Debug|Any CPU
		Release|Any CPU = Release|Any CPU
	EndGlobalSection
	GlobalSection(ProjectConfigurationPlatforms) = postSolution
		{133F364C-E27C-458E-9456-31F65ED75CED}.Debug|Any CPU.ActiveCfg = Debug|Any CPU
		{133F364C-E27C-458E-9456-31F65ED75CED}.Debug|Any CPU.Build.0 = Debug|Any CPU
		{133F364C-E27C-458E-9456-31F65ED75CED}.Release|Any CPU.ActiveCfg = Release|Any CPU
		{133F364C-E27C-458E-9456-31F65ED75CED}.Release|Any CPU.Build.0 = Release|Any CPU
	EndGlobalSection
	GlobalSection(SolutionProperties) = preSolution
		HideSolutionNode = FALSE
	EndGlobalSection
	GlobalSection(ExtensibilityGlobals) = postSolution
		SolutionGuid = {7CC4378B-EE93-4029-8E21-1D7F84528FE8}
	EndGlobalSection
EndGlobal
